{
  "version": 4,
  "terraform_version": "1.9.8",
  "serial": 73,
  "lineage": "8a2b1e7d-e554-a06c-6dd3-a0db060618b9",
  "outputs": {
    "api_gateway_url": {
      "value": "arn:aws:execute-api:us-east-1:783764597369:p3r2913g25",
      "type": "string"
    },
    "lambda_function_arn": {
      "value": "arn:aws:lambda:us-east-1:783764597369:function:UserManagementLambda",
      "type": "string"
    },
    "s3_bucket_name": {
      "value": "marketplace-app-bucket-7d949009ad7455ce",
      "type": "string"
    }
  },
  "resources": [
    {
      "module": "module.api_gateway",
      "mode": "managed",
      "type": "aws_api_gateway_deployment",
      "name": "marketplace_deployment",
      "provider": "provider[\"registry.terraform.io/hashicorp/aws\"]",
      "instances": [
        {
          "schema_version": 0,
          "attributes": {
            "canary_settings": [],
            "created_date": "2024-11-23T00:01:47Z",
            "description": "",
            "execution_arn": "arn:aws:execute-api:us-east-1:783764597369:p3r2913g25/",
            "id": "7jgg7u",
            "invoke_url": "https://p3r2913g25.execute-api.us-east-1.amazonaws.com/",
            "rest_api_id": "p3r2913g25",
            "stage_description": null,
            "stage_name": null,
            "triggers": null,
            "variables": null
          },
          "sensitive_attributes": [],
          "private": "bnVsbA==",
          "dependencies": [
            "module.api_gateway.aws_api_gateway_integration.delete_marketplace_integration",
            "module.api_gateway.aws_api_gateway_integration.get_marketplace_integration",
            "module.api_gateway.aws_api_gateway_integration.post_marketplace_integration",
            "module.api_gateway.aws_api_gateway_method.delete_marketplace",
            "module.api_gateway.aws_api_gateway_method.get_marketplace",
            "module.api_gateway.aws_api_gateway_method.post_marketplace",
            "module.api_gateway.aws_api_gateway_resource.marketplace",
            "module.api_gateway.aws_api_gateway_rest_api.marketplace_api",
            "module.api_gateway.aws_lambda_permission.delete_api_gateway_permission",
            "module.lambda.aws_iam_role.lambda_execution_role",
            "module.lambda.aws_lambda_function.lambda",
            "module.rds.aws_db_instance.default",
            "module.rds.aws_security_group.db_sg",
            "module.s3.aws_s3_bucket.bucket",
            "module.s3.random_id.bucket_suffix"
          ]
        }
      ]
    },
    {
      "module": "module.api_gateway",
      "mode": "managed",
      "type": "aws_api_gateway_integration",
      "name": "delete_marketplace_integration",
      "provider": "provider[\"registry.terraform.io/hashicorp/aws\"]",
      "instances": [
        {
          "schema_version": 0,
          "attributes": {
            "cache_key_parameters": [],
            "cache_namespace": "hr0691",
            "connection_id": "",
            "connection_type": "INTERNET",
            "content_handling": "",
            "credentials": "",
            "http_method": "DELETE",
            "id": "agi-p3r2913g25-hr0691-DELETE",
            "integration_http_method": "POST",
            "passthrough_behavior": "WHEN_NO_MATCH",
            "request_parameters": {},
            "request_templates": {},
            "resource_id": "hr0691",
            "rest_api_id": "p3r2913g25",
            "timeout_milliseconds": 29000,
            "tls_config": [],
            "type": "AWS_PROXY",
            "uri": "arn:aws:apigateway:us-east-1:lambda:path/2015-03-31/functions/arn:aws:lambda:us-east-1:783764597369:function:UserManagementLambda/invocations"
          },
          "sensitive_attributes": [],
          "private": "bnVsbA==",
          "dependencies": [
            "module.api_gateway.aws_api_gateway_method.delete_marketplace",
            "module.api_gateway.aws_api_gateway_resource.marketplace",
            "module.api_gateway.aws_api_gateway_rest_api.marketplace_api",
            "module.api_gateway.aws_lambda_permission.delete_api_gateway_permission",
            "module.lambda.aws_iam_role.lambda_execution_role",
            "module.lambda.aws_lambda_function.lambda",
            "module.rds.aws_db_instance.default",
            "module.rds.aws_security_group.db_sg",
            "module.s3.aws_s3_bucket.bucket",
            "module.s3.random_id.bucket_suffix"
          ]
        }
      ]
    },
    {
      "module": "module.api_gateway",
      "mode": "managed",
      "type": "aws_api_gateway_integration",
      "name": "get_marketplace_integration",
      "provider": "provider[\"registry.terraform.io/hashicorp/aws\"]",
      "instances": [
        {
          "schema_version": 0,
          "attributes": {
            "cache_key_parameters": [],
            "cache_namespace": "hr0691",
            "connection_id": "",
            "connection_type": "INTERNET",
            "content_handling": "",
            "credentials": "",
            "http_method": "GET",
            "id": "agi-p3r2913g25-hr0691-GET",
            "integration_http_method": "POST",
            "passthrough_behavior": "WHEN_NO_MATCH",
            "request_parameters": {},
            "request_templates": {},
            "resource_id": "hr0691",
            "rest_api_id": "p3r2913g25",
            "timeout_milliseconds": 29000,
            "tls_config": [],
            "type": "AWS_PROXY",
            "uri": "arn:aws:apigateway:us-east-1:lambda:path/2015-03-31/functions/arn:aws:lambda:us-east-1:783764597369:function:UserManagementLambda/invocations"
          },
          "sensitive_attributes": [],
          "private": "bnVsbA==",
          "dependencies": [
            "module.api_gateway.aws_api_gateway_method.get_marketplace",
            "module.api_gateway.aws_api_gateway_resource.marketplace",
            "module.api_gateway.aws_api_gateway_rest_api.marketplace_api",
            "module.lambda.aws_iam_role.lambda_execution_role",
            "module.lambda.aws_lambda_function.lambda",
            "module.rds.aws_db_instance.default",
            "module.rds.aws_security_group.db_sg",
            "module.s3.aws_s3_bucket.bucket",
            "module.s3.random_id.bucket_suffix"
          ]
        }
      ]
    },
    {
      "module": "module.api_gateway",
      "mode": "managed",
      "type": "aws_api_gateway_integration",
      "name": "post_marketplace_integration",
      "provider": "provider[\"registry.terraform.io/hashicorp/aws\"]",
      "instances": [
        {
          "schema_version": 0,
          "attributes": {
            "cache_key_parameters": [],
            "cache_namespace": "hr0691",
            "connection_id": "",
            "connection_type": "INTERNET",
            "content_handling": "",
            "credentials": "",
            "http_method": "POST",
            "id": "agi-p3r2913g25-hr0691-POST",
            "integration_http_method": "POST",
            "passthrough_behavior": "WHEN_NO_MATCH",
            "request_parameters": {},
            "request_templates": {},
            "resource_id": "hr0691",
            "rest_api_id": "p3r2913g25",
            "timeout_milliseconds": 29000,
            "tls_config": [],
            "type": "AWS_PROXY",
            "uri": "arn:aws:apigateway:us-east-1:lambda:path/2015-03-31/functions/arn:aws:lambda:us-east-1:783764597369:function:UserManagementLambda/invocations"
          },
          "sensitive_attributes": [],
          "private": "bnVsbA==",
          "dependencies": [
            "module.api_gateway.aws_api_gateway_method.post_marketplace",
            "module.api_gateway.aws_api_gateway_resource.marketplace",
            "module.api_gateway.aws_api_gateway_rest_api.marketplace_api",
            "module.lambda.aws_iam_role.lambda_execution_role",
            "module.lambda.aws_lambda_function.lambda",
            "module.rds.aws_db_instance.default",
            "module.rds.aws_security_group.db_sg",
            "module.s3.aws_s3_bucket.bucket",
            "module.s3.random_id.bucket_suffix"
          ]
        }
      ]
    },
    {
      "module": "module.api_gateway",
      "mode": "managed",
      "type": "aws_api_gateway_method",
      "name": "delete_marketplace",
      "provider": "provider[\"registry.terraform.io/hashicorp/aws\"]",
      "instances": [
        {
          "schema_version": 0,
          "attributes": {
            "api_key_required": false,
            "authorization": "NONE",
            "authorization_scopes": [],
            "authorizer_id": "",
            "http_method": "DELETE",
            "id": "agm-p3r2913g25-hr0691-DELETE",
            "operation_name": "",
            "request_models": {},
            "request_parameters": {},
            "request_validator_id": "",
            "resource_id": "hr0691",
            "rest_api_id": "p3r2913g25"
          },
          "sensitive_attributes": [],
          "private": "bnVsbA==",
          "dependencies": [
            "module.api_gateway.aws_api_gateway_resource.marketplace",
            "module.api_gateway.aws_api_gateway_rest_api.marketplace_api"
          ]
        }
      ]
    },
    {
      "module": "module.api_gateway",
      "mode": "managed",
      "type": "aws_api_gateway_method",
      "name": "get_marketplace",
      "provider": "provider[\"registry.terraform.io/hashicorp/aws\"]",
      "instances": [
        {
          "schema_version": 0,
          "attributes": {
            "api_key_required": false,
            "authorization": "NONE",
            "authorization_scopes": [],
            "authorizer_id": "",
            "http_method": "GET",
            "id": "agm-p3r2913g25-hr0691-GET",
            "operation_name": "",
            "request_models": {},
            "request_parameters": {},
            "request_validator_id": "",
            "resource_id": "hr0691",
            "rest_api_id": "p3r2913g25"
          },
          "sensitive_attributes": [],
          "private": "bnVsbA==",
          "dependencies": [
            "module.api_gateway.aws_api_gateway_resource.marketplace",
            "module.api_gateway.aws_api_gateway_rest_api.marketplace_api"
          ]
        }
      ]
    },
    {
      "module": "module.api_gateway",
      "mode": "managed",
      "type": "aws_api_gateway_method",
      "name": "post_marketplace",
      "provider": "provider[\"registry.terraform.io/hashicorp/aws\"]",
      "instances": [
        {
          "schema_version": 0,
          "attributes": {
            "api_key_required": false,
            "authorization": "NONE",
            "authorization_scopes": [],
            "authorizer_id": "",
            "http_method": "POST",
            "id": "agm-p3r2913g25-hr0691-POST",
            "operation_name": "",
            "request_models": {},
            "request_parameters": {},
            "request_validator_id": "",
            "resource_id": "hr0691",
            "rest_api_id": "p3r2913g25"
          },
          "sensitive_attributes": [],
          "private": "bnVsbA==",
          "dependencies": [
            "module.api_gateway.aws_api_gateway_resource.marketplace",
            "module.api_gateway.aws_api_gateway_rest_api.marketplace_api"
          ]
        }
      ]
    },
    {
      "module": "module.api_gateway",
      "mode": "managed",
      "type": "aws_api_gateway_resource",
      "name": "marketplace",
      "provider": "provider[\"registry.terraform.io/hashicorp/aws\"]",
      "instances": [
        {
          "schema_version": 0,
          "attributes": {
            "id": "hr0691",
            "parent_id": "dh2qr0r69d",
            "path": "/marketplace",
            "path_part": "marketplace",
            "rest_api_id": "p3r2913g25"
          },
          "sensitive_attributes": [],
          "private": "bnVsbA==",
          "dependencies": [
            "module.api_gateway.aws_api_gateway_rest_api.marketplace_api"
          ]
        }
      ]
    },
    {
      "module": "module.api_gateway",
      "mode": "managed",
      "type": "aws_api_gateway_rest_api",
      "name": "marketplace_api",
      "provider": "provider[\"registry.terraform.io/hashicorp/aws\"]",
      "instances": [
        {
          "schema_version": 0,
          "attributes": {
            "api_key_source": "HEADER",
            "arn": "arn:aws:apigateway:us-east-1::/restapis/p3r2913g25",
            "binary_media_types": [],
            "body": null,
            "created_date": "2024-11-23T00:01:38Z",
            "description": "API for the Marketplace application",
            "disable_execute_api_endpoint": false,
            "endpoint_configuration": [
              {
                "types": [
                  "EDGE"
                ],
                "vpc_endpoint_ids": []
              }
            ],
            "execution_arn": "arn:aws:execute-api:us-east-1:783764597369:p3r2913g25",
            "fail_on_warnings": null,
            "id": "p3r2913g25",
            "minimum_compression_size": "",
            "name": "MarketplaceAPI",
            "parameters": null,
            "policy": "",
            "put_rest_api_mode": null,
            "root_resource_id": "dh2qr0r69d",
            "tags": {},
            "tags_all": {}
          },
          "sensitive_attributes": [],
          "private": "bnVsbA=="
        }
      ]
    },
    {
      "module": "module.api_gateway",
      "mode": "managed",
      "type": "aws_api_gateway_stage",
      "name": "marketplace_stage",
      "provider": "provider[\"registry.terraform.io/hashicorp/aws\"]",
      "instances": [
        {
          "schema_version": 0,
          "attributes": {
            "access_log_settings": [],
            "arn": "arn:aws:apigateway:us-east-1::/restapis/p3r2913g25/stages/prod",
            "cache_cluster_enabled": false,
            "cache_cluster_size": "",
            "canary_settings": [],
            "client_certificate_id": "",
            "deployment_id": "7jgg7u",
            "description": "",
            "documentation_version": "",
            "execution_arn": "arn:aws:execute-api:us-east-1:783764597369:p3r2913g25/prod",
            "id": "ags-p3r2913g25-prod",
            "invoke_url": "https://p3r2913g25.execute-api.us-east-1.amazonaws.com/prod",
            "rest_api_id": "p3r2913g25",
            "stage_name": "prod",
            "tags": {},
            "tags_all": {},
            "variables": {},
            "web_acl_arn": "",
            "xray_tracing_enabled": false
          },
          "sensitive_attributes": [],
          "private": "bnVsbA==",
          "dependencies": [
            "module.api_gateway.aws_api_gateway_deployment.marketplace_deployment",
            "module.api_gateway.aws_api_gateway_integration.delete_marketplace_integration",
            "module.api_gateway.aws_api_gateway_integration.get_marketplace_integration",
            "module.api_gateway.aws_api_gateway_integration.post_marketplace_integration",
            "module.api_gateway.aws_api_gateway_method.delete_marketplace",
            "module.api_gateway.aws_api_gateway_method.get_marketplace",
            "module.api_gateway.aws_api_gateway_method.post_marketplace",
            "module.api_gateway.aws_api_gateway_resource.marketplace",
            "module.api_gateway.aws_api_gateway_rest_api.marketplace_api",
            "module.api_gateway.aws_lambda_permission.delete_api_gateway_permission",
            "module.lambda.aws_iam_role.lambda_execution_role",
            "module.lambda.aws_lambda_function.lambda",
            "module.rds.aws_db_instance.default",
            "module.rds.aws_security_group.db_sg",
            "module.s3.aws_s3_bucket.bucket",
            "module.s3.random_id.bucket_suffix"
          ]
        }
      ]
    },
    {
      "module": "module.api_gateway",
      "mode": "managed",
      "type": "aws_lambda_permission",
      "name": "delete_api_gateway_permission",
      "provider": "provider[\"registry.terraform.io/hashicorp/aws\"]",
      "instances": [
        {
          "schema_version": 0,
          "attributes": {
            "action": "lambda:InvokeFunction",
            "event_source_token": null,
            "function_name": "arn:aws:lambda:us-east-1:783764597369:function:UserManagementLambda",
            "function_url_auth_type": null,
            "id": "AllowAPIGatewayInvokeDelete",
            "principal": "apigateway.amazonaws.com",
            "principal_org_id": null,
            "qualifier": "",
            "source_account": null,
            "source_arn": "arn:aws:execute-api:us-east-1:783764597369:p3r2913g25/*/DELETE/marketplace",
            "statement_id": "AllowAPIGatewayInvokeDelete",
            "statement_id_prefix": ""
          },
          "sensitive_attributes": [],
          "private": "bnVsbA==",
          "dependencies": [
            "module.api_gateway.aws_api_gateway_rest_api.marketplace_api",
            "module.lambda.aws_iam_role.lambda_execution_role",
            "module.lambda.aws_lambda_function.lambda",
            "module.rds.aws_db_instance.default",
            "module.rds.aws_security_group.db_sg",
            "module.s3.aws_s3_bucket.bucket",
            "module.s3.random_id.bucket_suffix"
          ]
        }
      ]
    },
    {
      "module": "module.lambda",
      "mode": "managed",
      "type": "aws_iam_policy",
      "name": "rds_access_policy",
      "provider": "provider[\"registry.terraform.io/hashicorp/aws\"]",
      "instances": [
        {
          "schema_version": 0,
          "attributes": {
            "arn": "arn:aws:iam::783764597369:policy/UserManagementLambda-rds-access",
            "attachment_count": 1,
            "description": "Policy to allow Lambda function to access RDS",
            "id": "arn:aws:iam::783764597369:policy/UserManagementLambda-rds-access",
            "name": "UserManagementLambda-rds-access",
            "name_prefix": "",
            "path": "/",
            "policy": "{\"Statement\":[{\"Action\":[\"rds:DescribeDBInstances\",\"rds:Connect\"],\"Effect\":\"Allow\",\"Resource\":\"*\"}],\"Version\":\"2012-10-17\"}",
            "policy_id": "ANPA3M7ACVJ4ZSCAZ36BC",
            "tags": {},
            "tags_all": {}
          },
          "sensitive_attributes": [],
          "private": "bnVsbA=="
        }
      ]
    },
    {
      "module": "module.lambda",
      "mode": "managed",
      "type": "aws_iam_policy",
      "name": "s3_access_policy",
      "provider": "provider[\"registry.terraform.io/hashicorp/aws\"]",
      "instances": [
        {
          "schema_version": 0,
          "attributes": {
            "arn": "arn:aws:iam::783764597369:policy/UserManagementLambda-s3-access",
            "attachment_count": 1,
            "description": "Policy to allow Lambda function to access S3 bucket",
            "id": "arn:aws:iam::783764597369:policy/UserManagementLambda-s3-access",
            "name": "UserManagementLambda-s3-access",
            "name_prefix": "",
            "path": "/",
            "policy": "{\"Statement\":[{\"Action\":[\"s3:GetObject\",\"s3:PutObject\",\"s3:DeleteObject\",\"s3:ListBucket\"],\"Effect\":\"Allow\",\"Resource\":[\"arn:aws:s3:::marketplace-app-bucket-7d949009ad7455ce\",\"arn:aws:s3:::marketplace-app-bucket-7d949009ad7455ce/*\"]}],\"Version\":\"2012-10-17\"}",
            "policy_id": "ANPA3M7ACVJ43PYH2WJVH",
            "tags": {},
            "tags_all": {}
          },
          "sensitive_attributes": [],
          "private": "bnVsbA==",
          "dependencies": [
            "module.s3.aws_s3_bucket.bucket",
            "module.s3.random_id.bucket_suffix"
          ]
        }
      ]
    },
    {
      "module": "module.lambda",
      "mode": "managed",
      "type": "aws_iam_role",
      "name": "lambda_execution_role",
      "provider": "provider[\"registry.terraform.io/hashicorp/aws\"]",
      "instances": [
        {
          "schema_version": 0,
          "attributes": {
            "arn": "arn:aws:iam::783764597369:role/UserManagementLambda-role",
            "assume_role_policy": "{\"Statement\":[{\"Action\":\"sts:AssumeRole\",\"Effect\":\"Allow\",\"Principal\":{\"Service\":\"lambda.amazonaws.com\"}}],\"Version\":\"2012-10-17\"}",
            "create_date": "2024-11-22T23:26:03Z",
            "description": "",
            "force_detach_policies": false,
            "id": "UserManagementLambda-role",
            "inline_policy": [],
            "managed_policy_arns": [
              "arn:aws:iam::783764597369:policy/UserManagementLambda-rds-access",
              "arn:aws:iam::783764597369:policy/UserManagementLambda-s3-access",
              "arn:aws:iam::aws:policy/AmazonRDSFullAccess",
              "arn:aws:iam::aws:policy/service-role/AWSLambdaBasicExecutionRole",
              "arn:aws:iam::aws:policy/service-role/AWSLambdaVPCAccessExecutionRole"
            ],
            "max_session_duration": 3600,
            "name": "UserManagementLambda-role",
            "name_prefix": "",
            "path": "/",
            "permissions_boundary": "",
            "tags": {},
            "tags_all": {},
            "unique_id": "AROA3M7ACVJ433IWRBIT5"
          },
          "sensitive_attributes": [],
          "private": "bnVsbA=="
        }
      ]
    },
    {
      "module": "module.lambda",
      "mode": "managed",
      "type": "aws_iam_role_policy_attachment",
      "name": "lambda_basic_execution",
      "provider": "provider[\"registry.terraform.io/hashicorp/aws\"]",
      "instances": [
        {
          "schema_version": 0,
          "attributes": {
            "id": "UserManagementLambda-role-20241122232602240400000001",
            "policy_arn": "arn:aws:iam::aws:policy/service-role/AWSLambdaBasicExecutionRole",
            "role": "UserManagementLambda-role"
          },
          "sensitive_attributes": [],
          "private": "bnVsbA==",
          "dependencies": [
            "module.lambda.aws_iam_role.lambda_execution_role"
          ]
        }
      ]
    },
    {
      "module": "module.lambda",
      "mode": "managed",
      "type": "aws_iam_role_policy_attachment",
      "name": "lambda_rds_access",
      "provider": "provider[\"registry.terraform.io/hashicorp/aws\"]",
      "instances": [
        {
          "schema_version": 0,
          "attributes": {
            "id": "UserManagementLambda-role-20241123212533157800000001",
            "policy_arn": "arn:aws:iam::783764597369:policy/UserManagementLambda-rds-access",
            "role": "UserManagementLambda-role"
          },
          "sensitive_attributes": [],
          "private": "bnVsbA==",
          "dependencies": [
            "module.lambda.aws_iam_policy.rds_access_policy",
            "module.lambda.aws_iam_role.lambda_execution_role"
          ]
        }
      ]
    },
    {
      "module": "module.lambda",
      "mode": "managed",
      "type": "aws_iam_role_policy_attachment",
      "name": "lambda_s3_access",
      "provider": "provider[\"registry.terraform.io/hashicorp/aws\"]",
      "instances": [
        {
          "schema_version": 0,
          "attributes": {
            "id": "UserManagementLambda-role-20241122232603462900000002",
            "policy_arn": "arn:aws:iam::783764597369:policy/UserManagementLambda-s3-access",
            "role": "UserManagementLambda-role"
          },
          "sensitive_attributes": [],
          "private": "bnVsbA==",
          "dependencies": [
            "module.lambda.aws_iam_policy.s3_access_policy",
            "module.lambda.aws_iam_role.lambda_execution_role",
            "module.s3.aws_s3_bucket.bucket",
            "module.s3.random_id.bucket_suffix"
          ]
        }
      ]
    },
    {
      "module": "module.lambda",
      "mode": "managed",
      "type": "aws_lambda_function",
      "name": "lambda",
      "provider": "provider[\"registry.terraform.io/hashicorp/aws\"]",
      "instances": [
        {
          "schema_version": 0,
          "attributes": {
            "architectures": [
              "x86_64"
            ],
            "arn": "arn:aws:lambda:us-east-1:783764597369:function:UserManagementLambda",
            "code_sha256": "A61iN6UTUQNioNIDJVZmfLaAAtTL4tu5fhyPfhZH+7c=",
            "code_signing_config_arn": "",
            "dead_letter_config": [],
            "description": "",
            "environment": [
              {
                "variables": {
                  "BUCKET_NAME": "marketplace-app-bucket-7d949009ad7455ce",
                  "RDS_DB_NAME": "marketplace",
                  "RDS_HOST": "terraform-20241123082854746000000001.czucaissuxeh.us-east-1.rds.amazonaws.com:3306",
                  "RDS_PASSWORD": "adminpassword123",
                  "RDS_USERNAME": "admin"
                }
              }
            ],
            "ephemeral_storage": [
              {
                "size": 512
              }
            ],
            "file_system_config": [],
            "filename": "/home/pratikkm02/home/pratikkm02/cloudfinalproject/marketplace-app/backend/user_management/lambda_function.zip",
            "function_name": "UserManagementLambda",
            "handler": "lambda_function.lambda_handler",
            "id": "UserManagementLambda",
            "image_config": [],
            "image_uri": "",
            "invoke_arn": "arn:aws:apigateway:us-east-1:lambda:path/2015-03-31/functions/arn:aws:lambda:us-east-1:783764597369:function:UserManagementLambda/invocations",
            "kms_key_arn": "",
            "last_modified": "2024-11-23T21:25:32.000+0000",
            "layers": [],
            "logging_config": [
              {
                "application_log_level": "",
                "log_format": "Text",
                "log_group": "/aws/lambda/UserManagementLambda",
                "system_log_level": ""
              }
            ],
            "memory_size": 128,
            "package_type": "Zip",
            "publish": false,
            "qualified_arn": "arn:aws:lambda:us-east-1:783764597369:function:UserManagementLambda:$LATEST",
            "qualified_invoke_arn": "arn:aws:apigateway:us-east-1:lambda:path/2015-03-31/functions/arn:aws:lambda:us-east-1:783764597369:function:UserManagementLambda:$LATEST/invocations",
            "replace_security_groups_on_destroy": null,
            "replacement_security_group_ids": null,
            "reserved_concurrent_executions": -1,
            "role": "arn:aws:iam::783764597369:role/UserManagementLambda-role",
            "runtime": "python3.9",
            "s3_bucket": null,
            "s3_key": null,
            "s3_object_version": null,
            "signing_job_arn": "",
            "signing_profile_version_arn": "",
            "skip_destroy": false,
            "snap_start": [],
            "source_code_hash": "",
            "source_code_size": 130433,
            "tags": {},
            "tags_all": {},
            "timeout": 3,
            "timeouts": null,
            "tracing_config": [
              {
                "mode": "PassThrough"
              }
            ],
            "version": "$LATEST",
            "vpc_config": []
          },
          "sensitive_attributes": [],
          "private": "eyJlMmJmYjczMC1lY2FhLTExZTYtOGY4OC0zNDM2M2JjN2M0YzAiOnsiY3JlYXRlIjo2MDAwMDAwMDAwMDAsImRlbGV0ZSI6NjAwMDAwMDAwMDAwLCJ1cGRhdGUiOjYwMDAwMDAwMDAwMH19",
          "dependencies": [
            "module.lambda.aws_iam_role.lambda_execution_role",
            "module.rds.aws_db_instance.default",
            "module.rds.aws_security_group.db_sg",
            "module.s3.aws_s3_bucket.bucket",
            "module.s3.random_id.bucket_suffix"
          ]
        }
      ]
    },
    {
      "module": "module.rds",
      "mode": "managed",
      "type": "aws_db_instance",
      "name": "default",
      "provider": "provider[\"registry.terraform.io/hashicorp/aws\"]",
      "instances": [
        {
          "schema_version": 2,
          "attributes": {
            "address": "terraform-20241123082854746000000001.czucaissuxeh.us-east-1.rds.amazonaws.com",
            "allocated_storage": 20,
            "allow_major_version_upgrade": null,
            "apply_immediately": false,
            "arn": "arn:aws:rds:us-east-1:783764597369:db:terraform-20241123082854746000000001",
            "auto_minor_version_upgrade": true,
            "availability_zone": "us-east-1b",
            "backup_retention_period": 0,
            "backup_target": "region",
            "backup_window": "09:00-09:30",
            "blue_green_update": [],
            "ca_cert_identifier": "rds-ca-rsa2048-g1",
            "character_set_name": "",
            "copy_tags_to_snapshot": false,
            "custom_iam_instance_profile": "",
            "customer_owned_ip_enabled": false,
            "db_name": "marketplace",
            "db_subnet_group_name": "default",
            "dedicated_log_volume": false,
            "delete_automated_backups": true,
            "deletion_protection": false,
            "domain": "",
            "domain_auth_secret_arn": "",
            "domain_dns_ips": [],
            "domain_fqdn": "",
            "domain_iam_role_name": "",
            "domain_ou": "",
            "enabled_cloudwatch_logs_exports": [],
            "endpoint": "terraform-20241123082854746000000001.czucaissuxeh.us-east-1.rds.amazonaws.com:3306",
            "engine": "mysql",
            "engine_lifecycle_support": "open-source-rds-extended-support",
            "engine_version": "8.0",
            "engine_version_actual": "8.0.39",
            "final_snapshot_identifier": "marketplace-db-final-snapshot",
            "hosted_zone_id": "Z2R2ITUGPM61AM",
            "iam_database_authentication_enabled": false,
            "id": "db-RLKZH5ZT673TJQXRFCHM2YL4FI",
            "identifier": "terraform-20241123082854746000000001",
            "identifier_prefix": "terraform-",
            "instance_class": "db.t3.micro",
            "iops": 0,
            "kms_key_id": "",
            "latest_restorable_time": "",
            "license_model": "general-public-license",
            "listener_endpoint": [],
            "maintenance_window": "sat:06:27-sat:06:57",
            "manage_master_user_password": null,
            "master_user_secret": [],
            "master_user_secret_kms_key_id": null,
            "max_allocated_storage": 0,
            "monitoring_interval": 0,
            "monitoring_role_arn": "",
            "multi_az": false,
            "nchar_character_set_name": "",
            "network_type": "IPV4",
            "option_group_name": "default:mysql-8-0",
            "parameter_group_name": "default.mysql8.0",
            "password": "adminpassword123",
            "performance_insights_enabled": false,
            "performance_insights_kms_key_id": "",
            "performance_insights_retention_period": 0,
            "port": 3306,
            "publicly_accessible": true,
            "replica_mode": "",
            "replicas": [],
            "replicate_source_db": "",
            "resource_id": "db-RLKZH5ZT673TJQXRFCHM2YL4FI",
            "restore_to_point_in_time": [],
            "s3_import": [],
            "skip_final_snapshot": true,
            "snapshot_identifier": null,
            "status": "available",
            "storage_encrypted": false,
            "storage_throughput": 0,
            "storage_type": "gp2",
            "tags": {
              "Name": "marketplace-db"
            },
            "tags_all": {
              "Name": "marketplace-db"
            },
            "timeouts": null,
            "timezone": "",
            "upgrade_storage_config": null,
            "username": "admin",
            "vpc_security_group_ids": [
              "sg-00ea2a6b22f13aadc"
            ]
          },
          "sensitive_attributes": [
            [
              {
                "type": "get_attr",
                "value": "password"
              }
            ]
          ],
          "private": "eyJlMmJmYjczMC1lY2FhLTExZTYtOGY4OC0zNDM2M2JjN2M0YzAiOnsiY3JlYXRlIjoyNDAwMDAwMDAwMDAwLCJkZWxldGUiOjM2MDAwMDAwMDAwMDAsInVwZGF0ZSI6NDgwMDAwMDAwMDAwMH0sInNjaGVtYV92ZXJzaW9uIjoiMiJ9",
          "dependencies": [
            "module.rds.aws_security_group.db_sg"
          ]
        }
      ]
    },
    {
      "module": "module.rds",
      "mode": "managed",
      "type": "aws_db_subnet_group",
      "name": "default",
      "provider": "provider[\"registry.terraform.io/hashicorp/aws\"]",
      "instances": [
        {
          "schema_version": 0,
          "attributes": {
            "arn": "arn:aws:rds:us-east-1:783764597369:subgrp:marketplace-db-subnet-group",
            "description": "Subnet group for marketplace RDS instance",
            "id": "marketplace-db-subnet-group",
            "name": "marketplace-db-subnet-group",
            "name_prefix": "",
            "subnet_ids": [
              "subnet-09d069fee52f574e9",
              "subnet-0a0a309c818e5298f"
            ],
            "supported_network_types": [
              "IPV4"
            ],
            "tags": {
              "Name": "marketplace-db-subnet-group"
            },
            "tags_all": {
              "Name": "marketplace-db-subnet-group"
            },
            "vpc_id": "vpc-0f72bc8d6cb9a9561"
          },
          "sensitive_attributes": [],
          "private": "bnVsbA=="
        }
      ]
    },
    {
      "module": "module.rds",
      "mode": "managed",
      "type": "aws_security_group",
      "name": "db_sg",
      "provider": "provider[\"registry.terraform.io/hashicorp/aws\"]",
      "instances": [
        {
          "schema_version": 1,
          "attributes": {
            "arn": "arn:aws:ec2:us-east-1:783764597369:security-group/sg-00ea2a6b22f13aadc",
            "description": "Security group for RDS instance",
            "egress": [
              {
                "cidr_blocks": [
                  "0.0.0.0/0"
                ],
                "description": "",
                "from_port": 0,
                "ipv6_cidr_blocks": [],
                "prefix_list_ids": [],
                "protocol": "-1",
                "security_groups": [],
                "self": false,
                "to_port": 0
              }
            ],
            "id": "sg-00ea2a6b22f13aadc",
            "ingress": [
              {
                "cidr_blocks": [
                  "0.0.0.0/0"
                ],
                "description": "",
                "from_port": 3306,
                "ipv6_cidr_blocks": [],
                "prefix_list_ids": [],
                "protocol": "tcp",
                "security_groups": [],
                "self": false,
                "to_port": 3306
              }
            ],
            "name": "rds-db-sg",
            "name_prefix": "",
            "owner_id": "783764597369",
            "revoke_rules_on_delete": false,
            "tags": {
              "Name": "rds-db-sg"
            },
            "tags_all": {
              "Name": "rds-db-sg"
            },
            "timeouts": null,
            "vpc_id": "vpc-0f72bc8d6cb9a9561"
          },
          "sensitive_attributes": [],
          "private": "eyJlMmJmYjczMC1lY2FhLTExZTYtOGY4OC0zNDM2M2JjN2M0YzAiOnsiY3JlYXRlIjo2MDAwMDAwMDAwMDAsImRlbGV0ZSI6OTAwMDAwMDAwMDAwfSwic2NoZW1hX3ZlcnNpb24iOiIxIn0="
        }
      ]
    },
    {
      "module": "module.s3",
      "mode": "managed",
      "type": "aws_s3_bucket",
      "name": "bucket",
      "provider": "provider[\"registry.terraform.io/hashicorp/aws\"]",
      "instances": [
        {
          "schema_version": 0,
          "attributes": {
            "acceleration_status": "",
            "acl": null,
            "arn": "arn:aws:s3:::marketplace-app-bucket-7d949009ad7455ce",
            "bucket": "marketplace-app-bucket-7d949009ad7455ce",
            "bucket_domain_name": "marketplace-app-bucket-7d949009ad7455ce.s3.amazonaws.com",
            "bucket_prefix": "",
            "bucket_regional_domain_name": "marketplace-app-bucket-7d949009ad7455ce.s3.us-east-1.amazonaws.com",
            "cors_rule": [],
            "force_destroy": false,
            "grant": [
              {
                "id": "a69c49bd933eb4a9d0197fb4b7c9f25b8938cef0f79c571e606f4c4d5094ff1f",
                "permissions": [
                  "FULL_CONTROL"
                ],
                "type": "CanonicalUser",
                "uri": ""
              }
            ],
            "hosted_zone_id": "Z3AQBSTGFYJSTF",
            "id": "marketplace-app-bucket-7d949009ad7455ce",
            "lifecycle_rule": [],
            "logging": [],
            "object_lock_configuration": [],
            "object_lock_enabled": false,
            "policy": "{\"Statement\":[{\"Action\":\"s3:GetObject\",\"Effect\":\"Allow\",\"Principal\":\"*\",\"Resource\":\"arn:aws:s3:::marketplace-app-bucket-7d949009ad7455ce/*\"}],\"Version\":\"2012-10-17\"}",
            "region": "us-east-1",
            "replication_configuration": [],
            "request_payer": "BucketOwner",
            "server_side_encryption_configuration": [
              {
                "rule": [
                  {
                    "apply_server_side_encryption_by_default": [
                      {
                        "kms_master_key_id": "",
                        "sse_algorithm": "AES256"
                      }
                    ],
                    "bucket_key_enabled": false
                  }
                ]
              }
            ],
            "tags": {
              "Environment": "production"
            },
            "tags_all": {
              "Environment": "production"
            },
            "timeouts": null,
            "versioning": [
              {
                "enabled": true,
                "mfa_delete": false
              }
            ],
            "website": [
              {
                "error_document": "",
                "index_document": "index.html",
                "redirect_all_requests_to": "",
                "routing_rules": ""
              }
            ],
            "website_domain": "s3-website-us-east-1.amazonaws.com",
            "website_endpoint": "marketplace-app-bucket-7d949009ad7455ce.s3-website-us-east-1.amazonaws.com"
          },
          "sensitive_attributes": [],
          "private": "eyJlMmJmYjczMC1lY2FhLTExZTYtOGY4OC0zNDM2M2JjN2M0YzAiOnsiY3JlYXRlIjoxMjAwMDAwMDAwMDAwLCJkZWxldGUiOjM2MDAwMDAwMDAwMDAsInJlYWQiOjEyMDAwMDAwMDAwMDAsInVwZGF0ZSI6MTIwMDAwMDAwMDAwMH19",
          "dependencies": [
            "module.s3.random_id.bucket_suffix"
          ]
        }
      ]
    },
    {
      "module": "module.s3",
      "mode": "managed",
      "type": "aws_s3_bucket_public_access_block",
      "name": "public_access_block",
      "provider": "provider[\"registry.terraform.io/hashicorp/aws\"]",
      "instances": [
        {
          "schema_version": 0,
          "attributes": {
            "block_public_acls": true,
            "block_public_policy": true,
            "bucket": "marketplace-app-bucket-7d949009ad7455ce",
            "id": "marketplace-app-bucket-7d949009ad7455ce",
            "ignore_public_acls": true,
            "restrict_public_buckets": true
          },
          "sensitive_attributes": [],
          "private": "bnVsbA==",
          "dependencies": [
            "module.s3.aws_s3_bucket.bucket",
            "module.s3.random_id.bucket_suffix"
          ]
        }
      ]
    },
    {
      "module": "module.s3",
      "mode": "managed",
      "type": "aws_s3_bucket_versioning",
      "name": "bucket_versioning",
      "provider": "provider[\"registry.terraform.io/hashicorp/aws\"]",
      "instances": [
        {
          "schema_version": 0,
          "attributes": {
            "bucket": "marketplace-app-bucket-7d949009ad7455ce",
            "expected_bucket_owner": "",
            "id": "marketplace-app-bucket-7d949009ad7455ce",
            "mfa": null,
            "versioning_configuration": [
              {
                "mfa_delete": "",
                "status": "Enabled"
              }
            ]
          },
          "sensitive_attributes": [],
          "private": "bnVsbA==",
          "dependencies": [
            "module.s3.aws_s3_bucket.bucket",
            "module.s3.random_id.bucket_suffix"
          ]
        }
      ]
    },
    {
      "module": "module.s3",
      "mode": "managed",
      "type": "random_id",
      "name": "bucket_suffix",
      "provider": "provider[\"registry.terraform.io/hashicorp/random\"]",
      "instances": [
        {
          "schema_version": 0,
          "attributes": {
            "b64_std": "fZSQCa10Vc4=",
            "b64_url": "fZSQCa10Vc4",
            "byte_length": 8,
            "dec": "9049015922533357006",
            "hex": "7d949009ad7455ce",
            "id": "fZSQCa10Vc4",
            "keepers": null,
            "prefix": null
          },
          "sensitive_attributes": []
        }
      ]
    }
  ],
  "check_results": null
}
